
Microsoft Visual Studio Solution File, Format Version 12.00
# Visual Studio Version 17
VisualStudioVersion = 17.14.36401.2
MinimumVisualStudioVersion = 10.0.40219.1
Project("{FAE04EC0-301F-11D3-BF4B-00C04F79EFBC}") = "测试项目", "测试项目\测试项目.csproj", "{9E2DDC6D-9DF1-47EF-8EB7-A0C7EF168DC0}"
EndProject
Project("{FAE04EC0-301F-11D3-BF4B-00C04F79EFBC}") = "lesson1_第一个应用程序", "lesson1_第一个应用程序\lesson1_第一个应用程序.csproj", "{6759F173-0D1F-4052-9600-76FA22925122}"
EndProject
Project("{FAE04EC0-301F-11D3-BF4B-00C04F79EFBC}") = "lesson2_变量", "lesson2_变量\lesson2_变量.csproj", "{3B0E343B-9503-4CD8-B5E5-1B700EDC1684}"
EndProject
Project("{FAE04EC0-301F-11D3-BF4B-00C04F79EFBC}") = "lesson2_练习题", "lesson2_练习题\lesson2_练习题.csproj", "{E9468943-AA02-443C-AE83-FF312940ED5F}"
EndProject
Project("{FAE04EC0-301F-11D3-BF4B-00C04F79EFBC}") = "双击点开", "双击点开\双击点开.csproj", "{2018132A-3383-49DC-94CD-6C8A648619C3}"
EndProject
Project("{FAE04EC0-301F-11D3-BF4B-00C04F79EFBC}") = "lesson3_变量的本质", "lesson3_变量的本质\lesson3_变量的本质.csproj", "{AF8EFA03-D9FC-402F-8EE1-0034816E7EEA}"
EndProject
Project("{FAE04EC0-301F-11D3-BF4B-00C04F79EFBC}") = "lesson3_练习题", "lesson3_练习题\lesson3_练习题.csproj", "{150A2F86-D724-4732-A1B7-A765311A904A}"
EndProject
Project("{FAE04EC0-301F-11D3-BF4B-00C04F79EFBC}") = "lesson4_变量的命名规则", "lesson4_变量的命名规则\lesson4_变量的命名规则.csproj", "{2637855A-5F6F-4936-9D79-C56B62C2802E}"
EndProject
Project("{FAE04EC0-301F-11D3-BF4B-00C04F79EFBC}") = "lesson5_常量", "lesson5_常量\lesson5_常量.csproj", "{551D156E-65BA-494D-A0E0-F753D6CCDAE3}"
EndProject
Project("{FAE04EC0-301F-11D3-BF4B-00C04F79EFBC}") = "lesson6", "lesson5\lesson6.csproj", "{D07104E8-56D8-467C-AA61-190B7B282CBF}"
EndProject
Project("{FAE04EC0-301F-11D3-BF4B-00C04F79EFBC}") = "lesson7_隐式转换", "lesson7_隐式转换\lesson7_隐式转换.csproj", "{F0C7E50D-B768-43E6-BAB6-37F4D322CDF9}"
EndProject
Project("{FAE04EC0-301F-11D3-BF4B-00C04F79EFBC}") = "lesson8", "lesson8\lesson8.csproj", "{6476FBEE-7B30-4AA9-ABFD-D62AC0AF9680}"
EndProject
Project("{FAE04EC0-301F-11D3-BF4B-00C04F79EFBC}") = "lesson8_练习题", "lesson8_练习题\lesson8_练习题.csproj", "{3E1A764A-C2A8-424D-B280-3C7F0465BD7E}"
EndProject
Project("{FAE04EC0-301F-11D3-BF4B-00C04F79EFBC}") = "lesson9_异常捕获", "lesson9_异常捕获\lesson9_异常捕获.csproj", "{8DCBF95E-37E1-401A-A19C-97625E9B4A96}"
EndProject
Project("{FAE04EC0-301F-11D3-BF4B-00C04F79EFBC}") = "lesson10_运算符", "lesson10_运算符\lesson10_运算符.csproj", "{CED5F28C-2454-4F46-9A8F-C36A8DE28309}"
EndProject
Project("{FAE04EC0-301F-11D3-BF4B-00C04F79EFBC}") = "lesson11_运算符拼接", "lesson11_运算符拼接\lesson11_运算符拼接.csproj", "{10030A9A-AD40-4E77-9A37-07EF8F3A3071}"
EndProject
Project("{FAE04EC0-301F-11D3-BF4B-00C04F79EFBC}") = "lesson12_条件运算符", "lesson12_条件运算符\lesson12_条件运算符.csproj", "{4A984829-E3D3-4785-84C5-5133A2297B2F}"
EndProject
Project("{FAE04EC0-301F-11D3-BF4B-00C04F79EFBC}") = "lesson13_逻辑运算符", "lesson13_逻辑运算符\lesson13_逻辑运算符.csproj", "{C46E5E4A-E0F7-4DD2-93B1-D53C0B92E8B8}"
EndProject
Project("{FAE04EC0-301F-11D3-BF4B-00C04F79EFBC}") = "lesson14_位运算符", "lesson14_位运算符\lesson14_位运算符.csproj", "{575E20C4-2344-4028-89A6-E36862964905}"
EndProject
Project("{FAE04EC0-301F-11D3-BF4B-00C04F79EFBC}") = "lesson15_三目运算符", "lesson15_三目运算符\lesson15_三目运算符.csproj", "{BF41AA93-BEF9-47E9-98CF-527F621AA2DE}"
EndProject
Project("{FAE04EC0-301F-11D3-BF4B-00C04F79EFBC}") = "lesson16_条件分支语句", "lesson16_条件分支语句\lesson16_条件分支语句.csproj", "{5650B101-2721-4973-B562-877E3AA97DBD}"
EndProject
Project("{FAE04EC0-301F-11D3-BF4B-00C04F79EFBC}") = "lesson16_练习题", "lesson16_练习题\lesson16_练习题.csproj", "{A7F9C717-A669-41EE-859A-38A8233EE225}"
EndProject
Project("{FAE04EC0-301F-11D3-BF4B-00C04F79EFBC}") = "lesson17_while", "lesson17_while\lesson17_while.csproj", "{85D2730D-D90C-4C0F-8DEA-70A5C6A0DC77}"
EndProject
Project("{FAE04EC0-301F-11D3-BF4B-00C04F79EFBC}") = "lesson17_练习题", "lesson17_练习题\lesson17_练习题.csproj", "{E1E3A41D-35F3-4DE6-9458-3A69276A852A}"
EndProject
Project("{FAE04EC0-301F-11D3-BF4B-00C04F79EFBC}") = "lesson18_do while", "lesson18_do while\lesson18_do while.csproj", "{8F27B8BC-7548-4D2E-ADA4-07BA5A6C4C9A}"
EndProject
Project("{FAE04EC0-301F-11D3-BF4B-00C04F79EFBC}") = "lesson19_for循环", "lesson19_for循环\lesson19_for循环.csproj", "{A0BE91E1-CE9D-4F17-837E-CE1BAF1D9EAE}"
EndProject
Global
	GlobalSection(SolutionConfigurationPlatforms) = preSolution
		Debug|Any CPU = Debug|Any CPU
		Release|Any CPU = Release|Any CPU
	EndGlobalSection
	GlobalSection(ProjectConfigurationPlatforms) = postSolution
		{9E2DDC6D-9DF1-47EF-8EB7-A0C7EF168DC0}.Debug|Any CPU.ActiveCfg = Debug|Any CPU
		{9E2DDC6D-9DF1-47EF-8EB7-A0C7EF168DC0}.Debug|Any CPU.Build.0 = Debug|Any CPU
		{9E2DDC6D-9DF1-47EF-8EB7-A0C7EF168DC0}.Release|Any CPU.ActiveCfg = Release|Any CPU
		{9E2DDC6D-9DF1-47EF-8EB7-A0C7EF168DC0}.Release|Any CPU.Build.0 = Release|Any CPU
		{6759F173-0D1F-4052-9600-76FA22925122}.Debug|Any CPU.ActiveCfg = Debug|Any CPU
		{6759F173-0D1F-4052-9600-76FA22925122}.Debug|Any CPU.Build.0 = Debug|Any CPU
		{6759F173-0D1F-4052-9600-76FA22925122}.Release|Any CPU.ActiveCfg = Release|Any CPU
		{6759F173-0D1F-4052-9600-76FA22925122}.Release|Any CPU.Build.0 = Release|Any CPU
		{3B0E343B-9503-4CD8-B5E5-1B700EDC1684}.Debug|Any CPU.ActiveCfg = Debug|Any CPU
		{3B0E343B-9503-4CD8-B5E5-1B700EDC1684}.Debug|Any CPU.Build.0 = Debug|Any CPU
		{3B0E343B-9503-4CD8-B5E5-1B700EDC1684}.Release|Any CPU.ActiveCfg = Release|Any CPU
		{3B0E343B-9503-4CD8-B5E5-1B700EDC1684}.Release|Any CPU.Build.0 = Release|Any CPU
		{E9468943-AA02-443C-AE83-FF312940ED5F}.Debug|Any CPU.ActiveCfg = Debug|Any CPU
		{E9468943-AA02-443C-AE83-FF312940ED5F}.Debug|Any CPU.Build.0 = Debug|Any CPU
		{E9468943-AA02-443C-AE83-FF312940ED5F}.Release|Any CPU.ActiveCfg = Release|Any CPU
		{E9468943-AA02-443C-AE83-FF312940ED5F}.Release|Any CPU.Build.0 = Release|Any CPU
		{2018132A-3383-49DC-94CD-6C8A648619C3}.Debug|Any CPU.ActiveCfg = Debug|Any CPU
		{2018132A-3383-49DC-94CD-6C8A648619C3}.Debug|Any CPU.Build.0 = Debug|Any CPU
		{2018132A-3383-49DC-94CD-6C8A648619C3}.Release|Any CPU.ActiveCfg = Release|Any CPU
		{2018132A-3383-49DC-94CD-6C8A648619C3}.Release|Any CPU.Build.0 = Release|Any CPU
		{AF8EFA03-D9FC-402F-8EE1-0034816E7EEA}.Debug|Any CPU.ActiveCfg = Debug|Any CPU
		{AF8EFA03-D9FC-402F-8EE1-0034816E7EEA}.Debug|Any CPU.Build.0 = Debug|Any CPU
		{AF8EFA03-D9FC-402F-8EE1-0034816E7EEA}.Release|Any CPU.ActiveCfg = Release|Any CPU
		{AF8EFA03-D9FC-402F-8EE1-0034816E7EEA}.Release|Any CPU.Build.0 = Release|Any CPU
		{150A2F86-D724-4732-A1B7-A765311A904A}.Debug|Any CPU.ActiveCfg = Debug|Any CPU
		{150A2F86-D724-4732-A1B7-A765311A904A}.Debug|Any CPU.Build.0 = Debug|Any CPU
		{150A2F86-D724-4732-A1B7-A765311A904A}.Release|Any CPU.ActiveCfg = Release|Any CPU
		{150A2F86-D724-4732-A1B7-A765311A904A}.Release|Any CPU.Build.0 = Release|Any CPU
		{2637855A-5F6F-4936-9D79-C56B62C2802E}.Debug|Any CPU.ActiveCfg = Debug|Any CPU
		{2637855A-5F6F-4936-9D79-C56B62C2802E}.Debug|Any CPU.Build.0 = Debug|Any CPU
		{2637855A-5F6F-4936-9D79-C56B62C2802E}.Release|Any CPU.ActiveCfg = Release|Any CPU
		{2637855A-5F6F-4936-9D79-C56B62C2802E}.Release|Any CPU.Build.0 = Release|Any CPU
		{551D156E-65BA-494D-A0E0-F753D6CCDAE3}.Debug|Any CPU.ActiveCfg = Debug|Any CPU
		{551D156E-65BA-494D-A0E0-F753D6CCDAE3}.Debug|Any CPU.Build.0 = Debug|Any CPU
		{551D156E-65BA-494D-A0E0-F753D6CCDAE3}.Release|Any CPU.ActiveCfg = Release|Any CPU
		{551D156E-65BA-494D-A0E0-F753D6CCDAE3}.Release|Any CPU.Build.0 = Release|Any CPU
		{D07104E8-56D8-467C-AA61-190B7B282CBF}.Debug|Any CPU.ActiveCfg = Debug|Any CPU
		{D07104E8-56D8-467C-AA61-190B7B282CBF}.Debug|Any CPU.Build.0 = Debug|Any CPU
		{D07104E8-56D8-467C-AA61-190B7B282CBF}.Release|Any CPU.ActiveCfg = Release|Any CPU
		{D07104E8-56D8-467C-AA61-190B7B282CBF}.Release|Any CPU.Build.0 = Release|Any CPU
		{F0C7E50D-B768-43E6-BAB6-37F4D322CDF9}.Debug|Any CPU.ActiveCfg = Debug|Any CPU
		{F0C7E50D-B768-43E6-BAB6-37F4D322CDF9}.Debug|Any CPU.Build.0 = Debug|Any CPU
		{F0C7E50D-B768-43E6-BAB6-37F4D322CDF9}.Release|Any CPU.ActiveCfg = Release|Any CPU
		{F0C7E50D-B768-43E6-BAB6-37F4D322CDF9}.Release|Any CPU.Build.0 = Release|Any CPU
		{6476FBEE-7B30-4AA9-ABFD-D62AC0AF9680}.Debug|Any CPU.ActiveCfg = Debug|Any CPU
		{6476FBEE-7B30-4AA9-ABFD-D62AC0AF9680}.Debug|Any CPU.Build.0 = Debug|Any CPU
		{6476FBEE-7B30-4AA9-ABFD-D62AC0AF9680}.Release|Any CPU.ActiveCfg = Release|Any CPU
		{6476FBEE-7B30-4AA9-ABFD-D62AC0AF9680}.Release|Any CPU.Build.0 = Release|Any CPU
		{3E1A764A-C2A8-424D-B280-3C7F0465BD7E}.Debug|Any CPU.ActiveCfg = Debug|Any CPU
		{3E1A764A-C2A8-424D-B280-3C7F0465BD7E}.Debug|Any CPU.Build.0 = Debug|Any CPU
		{3E1A764A-C2A8-424D-B280-3C7F0465BD7E}.Release|Any CPU.ActiveCfg = Release|Any CPU
		{3E1A764A-C2A8-424D-B280-3C7F0465BD7E}.Release|Any CPU.Build.0 = Release|Any CPU
		{8DCBF95E-37E1-401A-A19C-97625E9B4A96}.Debug|Any CPU.ActiveCfg = Debug|Any CPU
		{8DCBF95E-37E1-401A-A19C-97625E9B4A96}.Debug|Any CPU.Build.0 = Debug|Any CPU
		{8DCBF95E-37E1-401A-A19C-97625E9B4A96}.Release|Any CPU.ActiveCfg = Release|Any CPU
		{8DCBF95E-37E1-401A-A19C-97625E9B4A96}.Release|Any CPU.Build.0 = Release|Any CPU
		{CED5F28C-2454-4F46-9A8F-C36A8DE28309}.Debug|Any CPU.ActiveCfg = Debug|Any CPU
		{CED5F28C-2454-4F46-9A8F-C36A8DE28309}.Debug|Any CPU.Build.0 = Debug|Any CPU
		{CED5F28C-2454-4F46-9A8F-C36A8DE28309}.Release|Any CPU.ActiveCfg = Release|Any CPU
		{CED5F28C-2454-4F46-9A8F-C36A8DE28309}.Release|Any CPU.Build.0 = Release|Any CPU
		{10030A9A-AD40-4E77-9A37-07EF8F3A3071}.Debug|Any CPU.ActiveCfg = Debug|Any CPU
		{10030A9A-AD40-4E77-9A37-07EF8F3A3071}.Debug|Any CPU.Build.0 = Debug|Any CPU
		{10030A9A-AD40-4E77-9A37-07EF8F3A3071}.Release|Any CPU.ActiveCfg = Release|Any CPU
		{10030A9A-AD40-4E77-9A37-07EF8F3A3071}.Release|Any CPU.Build.0 = Release|Any CPU
		{4A984829-E3D3-4785-84C5-5133A2297B2F}.Debug|Any CPU.ActiveCfg = Debug|Any CPU
		{4A984829-E3D3-4785-84C5-5133A2297B2F}.Debug|Any CPU.Build.0 = Debug|Any CPU
		{4A984829-E3D3-4785-84C5-5133A2297B2F}.Release|Any CPU.ActiveCfg = Release|Any CPU
		{4A984829-E3D3-4785-84C5-5133A2297B2F}.Release|Any CPU.Build.0 = Release|Any CPU
		{C46E5E4A-E0F7-4DD2-93B1-D53C0B92E8B8}.Debug|Any CPU.ActiveCfg = Debug|Any CPU
		{C46E5E4A-E0F7-4DD2-93B1-D53C0B92E8B8}.Debug|Any CPU.Build.0 = Debug|Any CPU
		{C46E5E4A-E0F7-4DD2-93B1-D53C0B92E8B8}.Release|Any CPU.ActiveCfg = Release|Any CPU
		{C46E5E4A-E0F7-4DD2-93B1-D53C0B92E8B8}.Release|Any CPU.Build.0 = Release|Any CPU
		{575E20C4-2344-4028-89A6-E36862964905}.Debug|Any CPU.ActiveCfg = Debug|Any CPU
		{575E20C4-2344-4028-89A6-E36862964905}.Debug|Any CPU.Build.0 = Debug|Any CPU
		{575E20C4-2344-4028-89A6-E36862964905}.Release|Any CPU.ActiveCfg = Release|Any CPU
		{575E20C4-2344-4028-89A6-E36862964905}.Release|Any CPU.Build.0 = Release|Any CPU
		{BF41AA93-BEF9-47E9-98CF-527F621AA2DE}.Debug|Any CPU.ActiveCfg = Debug|Any CPU
		{BF41AA93-BEF9-47E9-98CF-527F621AA2DE}.Debug|Any CPU.Build.0 = Debug|Any CPU
		{BF41AA93-BEF9-47E9-98CF-527F621AA2DE}.Release|Any CPU.ActiveCfg = Release|Any CPU
		{BF41AA93-BEF9-47E9-98CF-527F621AA2DE}.Release|Any CPU.Build.0 = Release|Any CPU
		{5650B101-2721-4973-B562-877E3AA97DBD}.Debug|Any CPU.ActiveCfg = Debug|Any CPU
		{5650B101-2721-4973-B562-877E3AA97DBD}.Debug|Any CPU.Build.0 = Debug|Any CPU
		{5650B101-2721-4973-B562-877E3AA97DBD}.Release|Any CPU.ActiveCfg = Release|Any CPU
		{5650B101-2721-4973-B562-877E3AA97DBD}.Release|Any CPU.Build.0 = Release|Any CPU
		{A7F9C717-A669-41EE-859A-38A8233EE225}.Debug|Any CPU.ActiveCfg = Debug|Any CPU
		{A7F9C717-A669-41EE-859A-38A8233EE225}.Debug|Any CPU.Build.0 = Debug|Any CPU
		{A7F9C717-A669-41EE-859A-38A8233EE225}.Release|Any CPU.ActiveCfg = Release|Any CPU
		{A7F9C717-A669-41EE-859A-38A8233EE225}.Release|Any CPU.Build.0 = Release|Any CPU
		{85D2730D-D90C-4C0F-8DEA-70A5C6A0DC77}.Debug|Any CPU.ActiveCfg = Debug|Any CPU
		{85D2730D-D90C-4C0F-8DEA-70A5C6A0DC77}.Debug|Any CPU.Build.0 = Debug|Any CPU
		{85D2730D-D90C-4C0F-8DEA-70A5C6A0DC77}.Release|Any CPU.ActiveCfg = Release|Any CPU
		{85D2730D-D90C-4C0F-8DEA-70A5C6A0DC77}.Release|Any CPU.Build.0 = Release|Any CPU
		{E1E3A41D-35F3-4DE6-9458-3A69276A852A}.Debug|Any CPU.ActiveCfg = Debug|Any CPU
		{E1E3A41D-35F3-4DE6-9458-3A69276A852A}.Debug|Any CPU.Build.0 = Debug|Any CPU
		{E1E3A41D-35F3-4DE6-9458-3A69276A852A}.Release|Any CPU.ActiveCfg = Release|Any CPU
		{E1E3A41D-35F3-4DE6-9458-3A69276A852A}.Release|Any CPU.Build.0 = Release|Any CPU
		{8F27B8BC-7548-4D2E-ADA4-07BA5A6C4C9A}.Debug|Any CPU.ActiveCfg = Debug|Any CPU
		{8F27B8BC-7548-4D2E-ADA4-07BA5A6C4C9A}.Debug|Any CPU.Build.0 = Debug|Any CPU
		{8F27B8BC-7548-4D2E-ADA4-07BA5A6C4C9A}.Release|Any CPU.ActiveCfg = Release|Any CPU
		{8F27B8BC-7548-4D2E-ADA4-07BA5A6C4C9A}.Release|Any CPU.Build.0 = Release|Any CPU
		{A0BE91E1-CE9D-4F17-837E-CE1BAF1D9EAE}.Debug|Any CPU.ActiveCfg = Debug|Any CPU
		{A0BE91E1-CE9D-4F17-837E-CE1BAF1D9EAE}.Debug|Any CPU.Build.0 = Debug|Any CPU
		{A0BE91E1-CE9D-4F17-837E-CE1BAF1D9EAE}.Release|Any CPU.ActiveCfg = Release|Any CPU
		{A0BE91E1-CE9D-4F17-837E-CE1BAF1D9EAE}.Release|Any CPU.Build.0 = Release|Any CPU
	EndGlobalSection
	GlobalSection(SolutionProperties) = preSolution
		HideSolutionNode = FALSE
	EndGlobalSection
	GlobalSection(ExtensibilityGlobals) = postSolution
		SolutionGuid = {DEEFA60D-5A4C-42E3-B0F8-57015323712D}
	EndGlobalSection
EndGlobal
