
Microsoft Visual Studio Solution File, Format Version 12.00
# Visual Studio Version 17
VisualStudioVersion = 17.14.36401.2
MinimumVisualStudioVersion = 10.0.40219.1
Project("{FAE04EC0-301F-11D3-BF4B-00C04F79EFBC}") = "lesson1_枚举", "lesson_枚举\lesson1_枚举.csproj", "{3E8A33EF-1D73-407F-AD2C-047E06C5CC8C}"
EndProject
Project("{FAE04EC0-301F-11D3-BF4B-00C04F79EFBC}") = "lesson1_枚举练习题", "lesson1_枚举练习题\lesson1_枚举练习题.csproj", "{86E07C2F-FE6B-45EE-976B-5D1E4AA3B11A}"
EndProject
Project("{FAE04EC0-301F-11D3-BF4B-00C04F79EFBC}") = "lesson2_一维数组", "lesson2_一维数组\lesson2_一维数组.csproj", "{AF117006-E86E-466E-9272-32444EEA25F9}"
EndProject
Project("{FAE04EC0-301F-11D3-BF4B-00C04F79EFBC}") = "lesson2_练习题", "lesson2_练习题\lesson2_练习题.csproj", "{C1733949-B380-4522-B279-90E70FA0B8CD}"
EndProject
Project("{FAE04EC0-301F-11D3-BF4B-00C04F79EFBC}") = "lesson3_二维数组", "lesson3_二维数组\lesson3_二维数组.csproj", "{5941217B-9ADD-430E-A034-45D19D9DE09C}"
EndProject
Project("{FAE04EC0-301F-11D3-BF4B-00C04F79EFBC}") = "lesson3_练习题", "lesson3_练习题\lesson3_练习题.csproj", "{FF287D5A-3069-4CB6-8C8D-7A94382EA945}"
EndProject
Project("{FAE04EC0-301F-11D3-BF4B-00C04F79EFBC}") = "lesson4_交错数组", "lesson4_交错数组\lesson4_交错数组.csproj", "{CC66BEFC-4542-49FE-8473-B678C6EA2E78}"
EndProject
Project("{FAE04EC0-301F-11D3-BF4B-00C04F79EFBC}") = "lesson10_函数重载", "lesson10_函数重载\lesson10_函数重载.csproj", "{D8C1E9B4-6362-4804-BB8B-51B29E082522}"
EndProject
Project("{FAE04EC0-301F-11D3-BF4B-00C04F79EFBC}") = "lesson11_递归函数", "lesson11_递归函数\lesson11_递归函数.csproj", "{C8E2D3CE-A6E5-4097-AA56-60EBF5101124}"
EndProject
Project("{FAE04EC0-301F-11D3-BF4B-00C04F79EFBC}") = "lesson12_结构体", "lesson12_结构体\lesson12_结构体.csproj", "{4431B3F9-2953-44A3-AEE7-6771EF8A8BB3}"
EndProject
Project("{FAE04EC0-301F-11D3-BF4B-00C04F79EFBC}") = "lesson13_冒泡排序", "lesson13_冒泡排序\lesson13_冒泡排序.csproj", "{0CA81A22-D349-46F8-B21A-35ED0B05CB4E}"
EndProject
Project("{FAE04EC0-301F-11D3-BF4B-00C04F79EFBC}") = "lesson14_选择排序", "lesson14_选择排序\lesson14_选择排序.csproj", "{AB1398C2-8773-4FC8-8AA3-C3D899A44AE7}"
EndProject
Project("{FAE04EC0-301F-11D3-BF4B-00C04F79EFBC}") = "棋盘小游戏", "棋盘小游戏\棋盘小游戏.csproj", "{54C6F3F9-AF42-4528-87A4-3F3BB1960D6B}"
EndProject
Project("{FAE04EC0-301F-11D3-BF4B-00C04F79EFBC}") = "入门经典测试", "入门经典测试\入门经典测试.csproj", "{B6E39353-1EC7-43D0-98C6-36472D4BF1A0}"
EndProject
Project("{FAE04EC0-301F-11D3-BF4B-00C04F79EFBC}") = "棋盘小游戏重制", "棋盘小游戏重制\棋盘小游戏重制.csproj", "{C84E956D-3E93-4D49-9D71-58602727A418}"
EndProject
Global
	GlobalSection(SolutionConfigurationPlatforms) = preSolution
		Debug|Any CPU = Debug|Any CPU
		Release|Any CPU = Release|Any CPU
	EndGlobalSection
	GlobalSection(ProjectConfigurationPlatforms) = postSolution
		{3E8A33EF-1D73-407F-AD2C-047E06C5CC8C}.Debug|Any CPU.ActiveCfg = Debug|Any CPU
		{3E8A33EF-1D73-407F-AD2C-047E06C5CC8C}.Debug|Any CPU.Build.0 = Debug|Any CPU
		{3E8A33EF-1D73-407F-AD2C-047E06C5CC8C}.Release|Any CPU.ActiveCfg = Release|Any CPU
		{3E8A33EF-1D73-407F-AD2C-047E06C5CC8C}.Release|Any CPU.Build.0 = Release|Any CPU
		{86E07C2F-FE6B-45EE-976B-5D1E4AA3B11A}.Debug|Any CPU.ActiveCfg = Debug|Any CPU
		{86E07C2F-FE6B-45EE-976B-5D1E4AA3B11A}.Debug|Any CPU.Build.0 = Debug|Any CPU
		{86E07C2F-FE6B-45EE-976B-5D1E4AA3B11A}.Release|Any CPU.ActiveCfg = Release|Any CPU
		{86E07C2F-FE6B-45EE-976B-5D1E4AA3B11A}.Release|Any CPU.Build.0 = Release|Any CPU
		{AF117006-E86E-466E-9272-32444EEA25F9}.Debug|Any CPU.ActiveCfg = Debug|Any CPU
		{AF117006-E86E-466E-9272-32444EEA25F9}.Debug|Any CPU.Build.0 = Debug|Any CPU
		{AF117006-E86E-466E-9272-32444EEA25F9}.Release|Any CPU.ActiveCfg = Release|Any CPU
		{AF117006-E86E-466E-9272-32444EEA25F9}.Release|Any CPU.Build.0 = Release|Any CPU
		{C1733949-B380-4522-B279-90E70FA0B8CD}.Debug|Any CPU.ActiveCfg = Debug|Any CPU
		{C1733949-B380-4522-B279-90E70FA0B8CD}.Debug|Any CPU.Build.0 = Debug|Any CPU
		{C1733949-B380-4522-B279-90E70FA0B8CD}.Release|Any CPU.ActiveCfg = Release|Any CPU
		{C1733949-B380-4522-B279-90E70FA0B8CD}.Release|Any CPU.Build.0 = Release|Any CPU
		{5941217B-9ADD-430E-A034-45D19D9DE09C}.Debug|Any CPU.ActiveCfg = Debug|Any CPU
		{5941217B-9ADD-430E-A034-45D19D9DE09C}.Debug|Any CPU.Build.0 = Debug|Any CPU
		{5941217B-9ADD-430E-A034-45D19D9DE09C}.Release|Any CPU.ActiveCfg = Release|Any CPU
		{5941217B-9ADD-430E-A034-45D19D9DE09C}.Release|Any CPU.Build.0 = Release|Any CPU
		{FF287D5A-3069-4CB6-8C8D-7A94382EA945}.Debug|Any CPU.ActiveCfg = Debug|Any CPU
		{FF287D5A-3069-4CB6-8C8D-7A94382EA945}.Debug|Any CPU.Build.0 = Debug|Any CPU
		{FF287D5A-3069-4CB6-8C8D-7A94382EA945}.Release|Any CPU.ActiveCfg = Release|Any CPU
		{FF287D5A-3069-4CB6-8C8D-7A94382EA945}.Release|Any CPU.Build.0 = Release|Any CPU
		{CC66BEFC-4542-49FE-8473-B678C6EA2E78}.Debug|Any CPU.ActiveCfg = Debug|Any CPU
		{CC66BEFC-4542-49FE-8473-B678C6EA2E78}.Debug|Any CPU.Build.0 = Debug|Any CPU
		{CC66BEFC-4542-49FE-8473-B678C6EA2E78}.Release|Any CPU.ActiveCfg = Release|Any CPU
		{CC66BEFC-4542-49FE-8473-B678C6EA2E78}.Release|Any CPU.Build.0 = Release|Any CPU
		{D8C1E9B4-6362-4804-BB8B-51B29E082522}.Debug|Any CPU.ActiveCfg = Debug|Any CPU
		{D8C1E9B4-6362-4804-BB8B-51B29E082522}.Debug|Any CPU.Build.0 = Debug|Any CPU
		{D8C1E9B4-6362-4804-BB8B-51B29E082522}.Release|Any CPU.ActiveCfg = Release|Any CPU
		{D8C1E9B4-6362-4804-BB8B-51B29E082522}.Release|Any CPU.Build.0 = Release|Any CPU
		{C8E2D3CE-A6E5-4097-AA56-60EBF5101124}.Debug|Any CPU.ActiveCfg = Debug|Any CPU
		{C8E2D3CE-A6E5-4097-AA56-60EBF5101124}.Debug|Any CPU.Build.0 = Debug|Any CPU
		{C8E2D3CE-A6E5-4097-AA56-60EBF5101124}.Release|Any CPU.ActiveCfg = Release|Any CPU
		{C8E2D3CE-A6E5-4097-AA56-60EBF5101124}.Release|Any CPU.Build.0 = Release|Any CPU
		{4431B3F9-2953-44A3-AEE7-6771EF8A8BB3}.Debug|Any CPU.ActiveCfg = Debug|Any CPU
		{4431B3F9-2953-44A3-AEE7-6771EF8A8BB3}.Debug|Any CPU.Build.0 = Debug|Any CPU
		{4431B3F9-2953-44A3-AEE7-6771EF8A8BB3}.Release|Any CPU.ActiveCfg = Release|Any CPU
		{4431B3F9-2953-44A3-AEE7-6771EF8A8BB3}.Release|Any CPU.Build.0 = Release|Any CPU
		{0CA81A22-D349-46F8-B21A-35ED0B05CB4E}.Debug|Any CPU.ActiveCfg = Debug|Any CPU
		{0CA81A22-D349-46F8-B21A-35ED0B05CB4E}.Debug|Any CPU.Build.0 = Debug|Any CPU
		{0CA81A22-D349-46F8-B21A-35ED0B05CB4E}.Release|Any CPU.ActiveCfg = Release|Any CPU
		{0CA81A22-D349-46F8-B21A-35ED0B05CB4E}.Release|Any CPU.Build.0 = Release|Any CPU
		{AB1398C2-8773-4FC8-8AA3-C3D899A44AE7}.Debug|Any CPU.ActiveCfg = Debug|Any CPU
		{AB1398C2-8773-4FC8-8AA3-C3D899A44AE7}.Debug|Any CPU.Build.0 = Debug|Any CPU
		{AB1398C2-8773-4FC8-8AA3-C3D899A44AE7}.Release|Any CPU.ActiveCfg = Release|Any CPU
		{AB1398C2-8773-4FC8-8AA3-C3D899A44AE7}.Release|Any CPU.Build.0 = Release|Any CPU
		{54C6F3F9-AF42-4528-87A4-3F3BB1960D6B}.Debug|Any CPU.ActiveCfg = Debug|Any CPU
		{54C6F3F9-AF42-4528-87A4-3F3BB1960D6B}.Debug|Any CPU.Build.0 = Debug|Any CPU
		{54C6F3F9-AF42-4528-87A4-3F3BB1960D6B}.Release|Any CPU.ActiveCfg = Release|Any CPU
		{54C6F3F9-AF42-4528-87A4-3F3BB1960D6B}.Release|Any CPU.Build.0 = Release|Any CPU
		{B6E39353-1EC7-43D0-98C6-36472D4BF1A0}.Debug|Any CPU.ActiveCfg = Debug|Any CPU
		{B6E39353-1EC7-43D0-98C6-36472D4BF1A0}.Debug|Any CPU.Build.0 = Debug|Any CPU
		{B6E39353-1EC7-43D0-98C6-36472D4BF1A0}.Release|Any CPU.ActiveCfg = Release|Any CPU
		{B6E39353-1EC7-43D0-98C6-36472D4BF1A0}.Release|Any CPU.Build.0 = Release|Any CPU
		{C84E956D-3E93-4D49-9D71-58602727A418}.Debug|Any CPU.ActiveCfg = Debug|Any CPU
		{C84E956D-3E93-4D49-9D71-58602727A418}.Debug|Any CPU.Build.0 = Debug|Any CPU
		{C84E956D-3E93-4D49-9D71-58602727A418}.Release|Any CPU.ActiveCfg = Release|Any CPU
		{C84E956D-3E93-4D49-9D71-58602727A418}.Release|Any CPU.Build.0 = Release|Any CPU
	EndGlobalSection
	GlobalSection(SolutionProperties) = preSolution
		HideSolutionNode = FALSE
	EndGlobalSection
	GlobalSection(ExtensibilityGlobals) = postSolution
		SolutionGuid = {841EBEB4-E8B8-44B2-982B-1C0A830CD2C2}
	EndGlobalSection
EndGlobal
