
Microsoft Visual Studio Solution File, Format Version 12.00
# Visual Studio Version 17
VisualStudioVersion = 17.14.36401.2 d17.14
MinimumVisualStudioVersion = 10.0.40219.1
Project("{FAE04EC0-301F-11D3-BF4B-00C04F79EFBC}") = "第一个窗体应用", "第一个窗体应用.csproj", "{8790CE7B-CF03-4007-BCB3-BE1951980661}"
EndProject
Project("{54435603-DBB4-11D2-8724-00A0C9A8B90C}") = "简单计算器", "..\简单计算器\简单计算器.vdproj", "{6953862C-9DD2-85A6-95D1-0A667A523F3E}"
EndProject
Global
	GlobalSection(SolutionConfigurationPlatforms) = preSolution
		Debug|Any CPU = Debug|Any CPU
		Release|Any CPU = Release|Any CPU
	EndGlobalSection
	GlobalSection(ProjectConfigurationPlatforms) = postSolution
		{8790CE7B-CF03-4007-BCB3-BE1951980661}.Debug|Any CPU.ActiveCfg = Debug|Any CPU
		{8790CE7B-CF03-4007-BCB3-BE1951980661}.Debug|Any CPU.Build.0 = Debug|Any CPU
		{8790CE7B-CF03-4007-BCB3-BE1951980661}.Release|Any CPU.ActiveCfg = Release|Any CPU
		{8790CE7B-CF03-4007-BCB3-BE1951980661}.Release|Any CPU.Build.0 = Release|Any CPU
		{6953862C-9DD2-85A6-95D1-0A667A523F3E}.Debug|Any CPU.ActiveCfg = Debug
		{6953862C-9DD2-85A6-95D1-0A667A523F3E}.Release|Any CPU.ActiveCfg = Release
	EndGlobalSection
	GlobalSection(SolutionProperties) = preSolution
		HideSolutionNode = FALSE
	EndGlobalSection
	GlobalSection(ExtensibilityGlobals) = postSolution
		SolutionGuid = {0D49666C-F22E-4310-AA81-8176156BAE5D}
	EndGlobalSection
EndGlobal
